
Microsoft Visual Studio Solution File, Format Version 12.00
# Visual Studio 15
VisualStudioVersion = 15.0.26228.4
MinimumVisualStudioVersion = 10.0.40219.1
Project("{2150E333-8FDC-42A3-9474-1A3956D46DE8}") = "src", "src", "{B4B6A71B-057B-444E-8BDD-37B19B35A1DF}"
EndProject
Project("{2150E333-8FDC-42A3-9474-1A3956D46DE8}") = "Solution Items", "Solution Items", "{B1D87186-D592-4DB6-92E2-5C02AD4F1451}"
EndProject
Project("{9A19103F-16F7-4668-BE54-9A1E7A4F7556}") = "KonyvLab", "src\KonyvLab\KonyvLab.csproj", "{229451DD-80CE-4F6F-B2E6-5F941D030239}"
EndProject
Project("{9A19103F-16F7-4668-BE54-9A1E7A4F7556}") = "KonyvLab.dal", "src\KonyvLab.dal\KonyvLab.dal.csproj", "{230F0075-2621-41DB-B638-C7AB9527C488}"
EndProject
Global
	GlobalSection(SolutionConfigurationPlatforms) = preSolution
		Debug|Any CPU = Debug|Any CPU
		Release|Any CPU = Release|Any CPU
	EndGlobalSection
	GlobalSection(ProjectConfigurationPlatforms) = postSolution
		{229451DD-80CE-4F6F-B2E6-5F941D030239}.Debug|Any CPU.ActiveCfg = Debug|Any CPU
		{229451DD-80CE-4F6F-B2E6-5F941D030239}.Debug|Any CPU.Build.0 = Debug|Any CPU
		{229451DD-80CE-4F6F-B2E6-5F941D030239}.Release|Any CPU.ActiveCfg = Release|Any CPU
		{229451DD-80CE-4F6F-B2E6-5F941D030239}.Release|Any CPU.Build.0 = Release|Any CPU
		{230F0075-2621-41DB-B638-C7AB9527C488}.Debug|Any CPU.ActiveCfg = Debug|Any CPU
		{230F0075-2621-41DB-B638-C7AB9527C488}.Debug|Any CPU.Build.0 = Debug|Any CPU
		{230F0075-2621-41DB-B638-C7AB9527C488}.Release|Any CPU.ActiveCfg = Release|Any CPU
		{230F0075-2621-41DB-B638-C7AB9527C488}.Release|Any CPU.Build.0 = Release|Any CPU
	EndGlobalSection
	GlobalSection(SolutionProperties) = preSolution
		HideSolutionNode = FALSE
	EndGlobalSection
	GlobalSection(NestedProjects) = preSolution
		{229451DD-80CE-4F6F-B2E6-5F941D030239} = {B4B6A71B-057B-444E-8BDD-37B19B35A1DF}
		{230F0075-2621-41DB-B638-C7AB9527C488} = {B4B6A71B-057B-444E-8BDD-37B19B35A1DF}
	EndGlobalSection
EndGlobal
